// !$*UTF8*$!
{
	archiveVersion = 1;
	classes = {
	};
	objectVersion = 48;
	objects = {

/* Begin PBXBuildFile section */
		3A4D390A1FBA114F001051C2 /* File in Resources */ = {isa = PBXBuildFile; fileRef = 3A4D39091FBA114F001051C2 /* File */; };
		3AA0D7F21FB8E872009D665B /* ParksTableViewCell.m in Sources */ = {isa = PBXBuildFile; fileRef = 3AA0D7F11FB8E872009D665B /* ParksTableViewCell.m */; };
		3AA0D7F61FB904A6009D665B /* StateParks.plist in Resources */ = {isa = PBXBuildFile; fileRef = 3AA0D7F51FB904A6009D665B /* StateParks.plist */; };
		3AA0D7FA1FB9054F009D665B /* Directions.plist in Resources */ = {isa = PBXBuildFile; fileRef = 3AA0D7F91FB9054F009D665B /* Directions.plist */; };
		3ACC0F081FB8BD47002FDFA6 /* AppDelegate.m in Sources */ = {isa = PBXBuildFile; fileRef = 3ACC0F071FB8BD47002FDFA6 /* AppDelegate.m */; };
		3ACC0F0E1FB8BD47002FDFA6 /* Main.storyboard in Resources */ = {isa = PBXBuildFile; fileRef = 3ACC0F0C1FB8BD47002FDFA6 /* Main.storyboard */; };
		3ACC0F101FB8BD47002FDFA6 /* Assets.xcassets in Resources */ = {isa = PBXBuildFile; fileRef = 3ACC0F0F1FB8BD47002FDFA6 /* Assets.xcassets */; };
		3ACC0F131FB8BD47002FDFA6 /* LaunchScreen.storyboard in Resources */ = {isa = PBXBuildFile; fileRef = 3ACC0F111FB8BD47002FDFA6 /* LaunchScreen.storyboard */; };
		3ACC0F161FB8BD47002FDFA6 /* main.m in Sources */ = {isa = PBXBuildFile; fileRef = 3ACC0F151FB8BD47002FDFA6 /* main.m */; };
		3ACC0F1E1FB8BE01002FDFA6 /* ParksTableViewController.m in Sources */ = {isa = PBXBuildFile; fileRef = 3ACC0F1D1FB8BE01002FDFA6 /* ParksTableViewController.m */; };
		3ACC0F211FB8DC24002FDFA6 /* ParksDetailViewController.m in Sources */ = {isa = PBXBuildFile; fileRef = 3ACC0F201FB8DC24002FDFA6 /* ParksDetailViewController.m */; };
		3ACC0F261FB8DDFA002FDFA6 /* park.m in Sources */ = {isa = PBXBuildFile; fileRef = 3ACC0F251FB8DDFA002FDFA6 /* park.m */; };
/* End PBXBuildFile section */

/* Begin PBXFileReference section */
		3A4D39091FBA114F001051C2 /* File */ = {isa = PBXFileReference; lastKnownFileType = folder; path = File; sourceTree = "<group>"; };
		3AA0D7F01FB8E872009D665B /* ParksTableViewCell.h */ = {isa = PBXFileReference; lastKnownFileType = sourcecode.c.h; path = ParksTableViewCell.h; sourceTree = "<group>"; };
		3AA0D7F11FB8E872009D665B /* ParksTableViewCell.m */ = {isa = PBXFileReference; lastKnownFileType = sourcecode.c.objc; path = ParksTableViewCell.m; sourceTree = "<group>"; };
		3AA0D7F51FB904A6009D665B /* StateParks.plist */ = {isa = PBXFileReference; lastKnownFileType = text.plist.xml; path = StateParks.plist; sourceTree = "<group>"; };
		3AA0D7F91FB9054F009D665B /* Directions.plist */ = {isa = PBXFileReference; lastKnownFileType = text.plist.xml; path = Directions.plist; sourceTree = "<group>"; };
		3ACC0F031FB8BD47002FDFA6 /* HW01-ChristianPaulW.app */ = {isa = PBXFileReference; explicitFileType = wrapper.application; includeInIndex = 0; path = "HW01-ChristianPaulW.app"; sourceTree = BUILT_PRODUCTS_DIR; };
		3ACC0F061FB8BD47002FDFA6 /* AppDelegate.h */ = {isa = PBXFileReference; lastKnownFileType = sourcecode.c.h; path = AppDelegate.h; sourceTree = "<group>"; };
		3ACC0F071FB8BD47002FDFA6 /* AppDelegate.m */ = {isa = PBXFileReference; lastKnownFileType = sourcecode.c.objc; path = AppDelegate.m; sourceTree = "<group>"; };
		3ACC0F0D1FB8BD47002FDFA6 /* Base */ = {isa = PBXFileReference; lastKnownFileType = file.storyboard; name = Base; path = Base.lproj/Main.storyboard; sourceTree = "<group>"; };
		3ACC0F0F1FB8BD47002FDFA6 /* Assets.xcassets */ = {isa = PBXFileReference; lastKnownFileType = folder.assetcatalog; path = Assets.xcassets; sourceTree = "<group>"; };
		3ACC0F121FB8BD47002FDFA6 /* Base */ = {isa = PBXFileReference; lastKnownFileType = file.storyboard; name = Base; path = Base.lproj/LaunchScreen.storyboard; sourceTree = "<group>"; };
		3ACC0F141FB8BD47002FDFA6 /* Info.plist */ = {isa = PBXFileReference; lastKnownFileType = text.plist.xml; path = Info.plist; sourceTree = "<group>"; };
		3ACC0F151FB8BD47002FDFA6 /* main.m */ = {isa = PBXFileReference; lastKnownFileType = sourcecode.c.objc; path = main.m; sourceTree = "<group>"; };
		3ACC0F1C1FB8BE01002FDFA6 /* ParksTableViewController.h */ = {isa = PBXFileReference; lastKnownFileType = sourcecode.c.h; path = ParksTableViewController.h; sourceTree = "<group>"; };
		3ACC0F1D1FB8BE01002FDFA6 /* ParksTableViewController.m */ = {isa = PBXFileReference; lastKnownFileType = sourcecode.c.objc; path = ParksTableViewController.m; sourceTree = "<group>"; };
		3ACC0F1F1FB8DC24002FDFA6 /* ParksDetailViewController.h */ = {isa = PBXFileReference; lastKnownFileType = sourcecode.c.h; path = ParksDetailViewController.h; sourceTree = "<group>"; };
		3ACC0F201FB8DC24002FDFA6 /* ParksDetailViewController.m */ = {isa = PBXFileReference; lastKnownFileType = sourcecode.c.objc; path = ParksDetailViewController.m; sourceTree = "<group>"; };
		3ACC0F241FB8DDFA002FDFA6 /* park.h */ = {isa = PBXFileReference; lastKnownFileType = sourcecode.c.h; path = park.h; sourceTree = "<group>"; };
		3ACC0F251FB8DDFA002FDFA6 /* park.m */ = {isa = PBXFileReference; lastKnownFileType = sourcecode.c.objc; path = park.m; sourceTree = "<group>"; };
/* End PBXFileReference section */

/* Begin PBXFrameworksBuildPhase section */
		3ACC0F001FB8BD47002FDFA6 /* Frameworks */ = {
			isa = PBXFrameworksBuildPhase;
			buildActionMask = 2147483647;
			files = (
			);
			runOnlyForDeploymentPostprocessing = 0;
		};
/* End PBXFrameworksBuildPhase section */

/* Begin PBXGroup section */
		3AA0D7F71FB904ED009D665B /* CodeFiles */ = {
			isa = PBXGroup;
			children = (
				3ACC0F1C1FB8BE01002FDFA6 /* ParksTableViewController.h */,
				3ACC0F1D1FB8BE01002FDFA6 /* ParksTableViewController.m */,
				3ACC0F1F1FB8DC24002FDFA6 /* ParksDetailViewController.h */,
				3ACC0F201FB8DC24002FDFA6 /* ParksDetailViewController.m */,
				3ACC0F241FB8DDFA002FDFA6 /* park.h */,
				3ACC0F251FB8DDFA002FDFA6 /* park.m */,
				3AA0D7F01FB8E872009D665B /* ParksTableViewCell.h */,
				3AA0D7F11FB8E872009D665B /* ParksTableViewCell.m */,
			);
			path = CodeFiles;
			sourceTree = "<group>";
		};
		3AA0D7F81FB9050E009D665B /* DataFiles */ = {
			isa = PBXGroup;
			children = (
				3AA0D7F51FB904A6009D665B /* StateParks.plist */,
				3AA0D7F91FB9054F009D665B /* Directions.plist */,
			);
			path = DataFiles;
			sourceTree = "<group>";
		};
		3ACC0EFA1FB8BD47002FDFA6 = {
			isa = PBXGroup;
			children = (
				3ACC0F051FB8BD47002FDFA6 /* HW01-ChristianPaulW */,
				3ACC0F041FB8BD47002FDFA6 /* Products */,
				3AA0D7F71FB904ED009D665B /* CodeFiles */,
				3AA0D7F81FB9050E009D665B /* DataFiles */,
			);
			sourceTree = "<group>";
		};
		3ACC0F041FB8BD47002FDFA6 /* Products */ = {
			isa = PBXGroup;
			children = (
				3ACC0F031FB8BD47002FDFA6 /* HW01-ChristianPaulW.app */,
			);
			name = Products;
			sourceTree = "<group>";
		};
		3ACC0F051FB8BD47002FDFA6 /* HW01-ChristianPaulW */ = {
			isa = PBXGroup;
			children = (
				3A4D39091FBA114F001051C2 /* File */,
				3ACC0F061FB8BD47002FDFA6 /* AppDelegate.h */,
				3ACC0F071FB8BD47002FDFA6 /* AppDelegate.m */,
				3ACC0F0C1FB8BD47002FDFA6 /* Main.storyboard */,
				3ACC0F0F1FB8BD47002FDFA6 /* Assets.xcassets */,
				3ACC0F111FB8BD47002FDFA6 /* LaunchScreen.storyboard */,
				3ACC0F141FB8BD47002FDFA6 /* Info.plist */,
				3ACC0F151FB8BD47002FDFA6 /* main.m */,
			);
			path = "HW01-ChristianPaulW";
			sourceTree = "<group>";
		};
/* End PBXGroup section */

/* Begin PBXNativeTarget section */
		3ACC0F021FB8BD47002FDFA6 /* HW01-ChristianPaulW */ = {
			isa = PBXNativeTarget;
			buildConfigurationList = 3ACC0F191FB8BD47002FDFA6 /* Build configuration list for PBXNativeTarget "HW01-ChristianPaulW" */;
			buildPhases = (
				3ACC0EFF1FB8BD47002FDFA6 /* Sources */,
				3ACC0F001FB8BD47002FDFA6 /* Frameworks */,
				3ACC0F011FB8BD47002FDFA6 /* Resources */,
			);
			buildRules = (
			);
			dependencies = (
			);
			name = "HW01-ChristianPaulW";
			productName = "HW01-ChristianPaulW";
			productReference = 3ACC0F031FB8BD47002FDFA6 /* HW01-ChristianPaulW.app */;
			productType = "com.apple.product-type.application";
		};
/* End PBXNativeTarget section */

/* Begin PBXProject section */
		3ACC0EFB1FB8BD47002FDFA6 /* Project object */ = {
			isa = PBXProject;
			attributes = {
				LastUpgradeCheck = 0900;
				ORGANIZATIONNAME = "PAUL CHRISTIAN";
				TargetAttributes = {
					3ACC0F021FB8BD47002FDFA6 = {
						CreatedOnToolsVersion = 9.0.1;
						ProvisioningStyle = Automatic;
					};
				};
			};
			buildConfigurationList = 3ACC0EFE1FB8BD47002FDFA6 /* Build configuration list for PBXProject "HW01-ChristianPaulW" */;
			compatibilityVersion = "Xcode 8.0";
			developmentRegion = en;
			hasScannedForEncodings = 0;
			knownRegions = (
				en,
				Base,
			);
			mainGroup = 3ACC0EFA1FB8BD47002FDFA6;
			productRefGroup = 3ACC0F041FB8BD47002FDFA6 /* Products */;
			projectDirPath = "";
			projectRoot = "";
			targets = (
				3ACC0F021FB8BD47002FDFA6 /* HW01-ChristianPaulW */,
			);
		};
/* End PBXProject section */

/* Begin PBXResourcesBuildPhase section */
		3ACC0F011FB8BD47002FDFA6 /* Resources */ = {
			isa = PBXResourcesBuildPhase;
			buildActionMask = 2147483647;
			files = (
				3AA0D7FA1FB9054F009D665B /* Directions.plist in Resources */,
				3AA0D7F61FB904A6009D665B /* StateParks.plist in Resources */,
				3A4D390A1FBA114F001051C2 /* File in Resources */,
				3ACC0F131FB8BD47002FDFA6 /* LaunchScreen.storyboard in Resources */,
				3ACC0F101FB8BD47002FDFA6 /* Assets.xcassets in Resources */,
				3ACC0F0E1FB8BD47002FDFA6 /* Main.storyboard in Resources */,
			);
			runOnlyForDeploymentPostprocessing = 0;
		};
/* End PBXResourcesBuildPhase section */

/* Begin PBXSourcesBuildPhase section */
		3ACC0EFF1FB8BD47002FDFA6 /* Sources */ = {
			isa = PBXSourcesBuildPhase;
			buildActionMask = 2147483647;
			files = (
				3ACC0F261FB8DDFA002FDFA6 /* park.m in Sources */,
				3AA0D7F21FB8E872009D665B /* ParksTableViewCell.m in Sources */,
				3ACC0F1E1FB8BE01002FDFA6 /* ParksTableViewController.m in Sources */,
				3ACC0F211FB8DC24002FDFA6 /* ParksDetailViewController.m in Sources */,
				3ACC0F161FB8BD47002FDFA6 /* main.m in Sources */,
				3ACC0F081FB8BD47002FDFA6 /* AppDelegate.m in Sources */,
			);
			runOnlyForDeploymentPostprocessing = 0;
		};
/* End PBXSourcesBuildPhase section */

/* Begin PBXVariantGroup section */
		3ACC0F0C1FB8BD47002FDFA6 /* Main.storyboard */ = {
			isa = PBXVariantGroup;
			children = (
				3ACC0F0D1FB8BD47002FDFA6 /* Base */,
			);
			name = Main.storyboard;
			sourceTree = "<group>";
		};
		3ACC0F111FB8BD47002FDFA6 /* LaunchScreen.storyboard */ = {
			isa = PBXVariantGroup;
			children = (
				3ACC0F121FB8BD47002FDFA6 /* Base */,
			);
			name = LaunchScreen.storyboard;
			sourceTree = "<group>";
		};
/* End PBXVariantGroup section */

/* Begin XCBuildConfiguration section */
		3ACC0F171FB8BD47002FDFA6 /* Debug */ = {
			isa = XCBuildConfiguration;
			buildSettings = {
				ALWAYS_SEARCH_USER_PATHS = NO;
				CLANG_ANALYZER_NONNULL = YES;
				CLANG_ANALYZER_NUMBER_OBJECT_CONVERSION = YES_AGGRESSIVE;
				CLANG_CXX_LANGUAGE_STANDARD = "gnu++14";
				CLANG_CXX_LIBRARY = "libc++";
				CLANG_ENABLE_MODULES = YES;
				CLANG_ENABLE_OBJC_ARC = YES;
				CLANG_WARN_BLOCK_CAPTURE_AUTORELEASING = YES;
				CLANG_WARN_BOOL_CONVERSION = YES;
				CLANG_WARN_COMMA = YES;
				CLANG_WARN_CONSTANT_CONVERSION = YES;
				CLANG_WARN_DIRECT_OBJC_ISA_USAGE = YES_ERROR;
				CLANG_WARN_DOCUMENTATION_COMMENTS = YES;
				CLANG_WARN_EMPTY_BODY = YES;
				CLANG_WARN_ENUM_CONVERSION = YES;
				CLANG_WARN_INFINITE_RECURSION = YES;
				CLANG_WARN_INT_CONVERSION = YES;
				CLANG_WARN_NON_LITERAL_NULL_CONVERSION = YES;
				CLANG_WARN_OBJC_LITERAL_CONVERSION = YES;
				CLANG_WARN_OBJC_ROOT_CLASS = YES_ERROR;
				CLANG_WARN_RANGE_LOOP_ANALYSIS = YES;
				CLANG_WARN_STRICT_PROTOTYPES = YES;
				CLANG_WARN_SUSPICIOUS_MOVE = YES;
				CLANG_WARN_UNGUARDED_AVAILABILITY = YES_AGGRESSIVE;
				CLANG_WARN_UNREACHABLE_CODE = YES;
				CLANG_WARN__DUPLICATE_METHOD_MATCH = YES;
				CODE_SIGN_IDENTITY = "iPhone Developer";
				COPY_PHASE_STRIP = NO;
				DEBUG_INFORMATION_FORMAT = dwarf;
				ENABLE_STRICT_OBJC_MSGSEND = YES;
				ENABLE_TESTABILITY = YES;
				GCC_C_LANGUAGE_STANDARD = gnu11;
				GCC_DYNAMIC_NO_PIC = NO;
				GCC_NO_COMMON_BLOCKS = YES;
				GCC_OPTIMIZATION_LEVEL = 0;
				GCC_PREPROCESSOR_DEFINITIONS = (
					"DEBUG=1",
					"$(inherited)",
				);
				GCC_WARN_64_TO_32_BIT_CONVERSION = YES;
				GCC_WARN_ABOUT_RETURN_TYPE = YES_ERROR;
				GCC_WARN_UNDECLARED_SELECTOR = YES;
				GCC_WARN_UNINITIALIZED_AUTOS = YES_AGGRESSIVE;
				GCC_WARN_UNUSED_FUNCTION = YES;
				GCC_WARN_UNUSED_VARIABLE = YES;
				IPHONEOS_DEPLOYMENT_TARGET = 11.0;
				MTL_ENABLE_DEBUG_INFO = YES;
				ONLY_ACTIVE_ARCH = YES;
				SDKROOT = iphoneos;
			};
			name = Debug;
		};
		3ACC0F181FB8BD47002FDFA6 /* Release */ = {
			isa = XCBuildConfiguration;
			buildSettings = {
				ALWAYS_SEARCH_USER_PATHS = NO;
				CLANG_ANALYZER_NONNULL = YES;
				CLANG_ANALYZER_NUMBER_OBJECT_CONVERSION = YES_AGGRESSIVE;
				CLANG_CXX_LANGUAGE_STANDARD = "gnu++14";
				CLANG_CXX_LIBRARY = "libc++";
				CLANG_ENABLE_MODULES = YES;
				CLANG_ENABLE_OBJC_ARC = YES;
				CLANG_WARN_BLOCK_CAPTURE_AUTORELEASING = YES;
				CLANG_WARN_BOOL_CONVERSION = YES;
				CLANG_WARN_COMMA = YES;
				CLANG_WARN_CONSTANT_CONVERSION = YES;
				CLANG_WARN_DIRECT_OBJC_ISA_USAGE = YES_ERROR;
				CLANG_WARN_DOCUMENTATION_COMMENTS = YES;
				CLANG_WARN_EMPTY_BODY = YES;
				CLANG_WARN_ENUM_CONVERSION = YES;
				CLANG_WARN_INFINITE_RECURSION = YES;
				CLANG_WARN_INT_CONVERSION = YES;
				CLANG_WARN_NON_LITERAL_NULL_CONVERSION = YES;
				CLANG_WARN_OBJC_LITERAL_CONVERSION = YES;
				CLANG_WARN_OBJC_ROOT_CLASS = YES_ERROR;
				CLANG_WARN_RANGE_LOOP_ANALYSIS = YES;
				CLANG_WARN_STRICT_PROTOTYPES = YES;
				CLANG_WARN_SUSPICIOUS_MOVE = YES;
				CLANG_WARN_UNGUARDED_AVAILABILITY = YES_AGGRESSIVE;
				CLANG_WARN_UNREACHABLE_CODE = YES;
				CLANG_WARN__DUPLICATE_METHOD_MATCH = YES;
				CODE_SIGN_IDENTITY = "iPhone Developer";
				COPY_PHASE_STRIP = NO;
				DEBUG_INFORMATION_FORMAT = "dwarf-with-dsym";
				ENABLE_NS_ASSERTIONS = NO;
				ENABLE_STRICT_OBJC_MSGSEND = YES;
				GCC_C_LANGUAGE_STANDARD = gnu11;
				GCC_NO_COMMON_BLOCKS = YES;
				GCC_WARN_64_TO_32_BIT_CONVERSION = YES;
				GCC_WARN_ABOUT_RETURN_TYPE = YES_ERROR;
				GCC_WARN_UNDECLARED_SELECTOR = YES;
				GCC_WARN_UNINITIALIZED_AUTOS = YES_AGGRESSIVE;
				GCC_WARN_UNUSED_FUNCTION = YES;
				GCC_WARN_UNUSED_VARIABLE = YES;
				IPHONEOS_DEPLOYMENT_TARGET = 11.0;
				MTL_ENABLE_DEBUG_INFO = NO;
				SDKROOT = iphoneos;
				VALIDATE_PRODUCT = YES;
			};
			name = Release;
		};
		3ACC0F1A1FB8BD47002FDFA6 /* Debug */ = {
			isa = XCBuildConfiguration;
			buildSettings = {
				ASSETCATALOG_COMPILER_APPICON_NAME = AppIcon;
				CODE_SIGN_STYLE = Automatic;
				DEVELOPMENT_TEAM = AV46K6824E;
				INFOPLIST_FILE = "HW01-ChristianPaulW/Info.plist";
				LD_RUNPATH_SEARCH_PATHS = "$(inherited) @executable_path/Frameworks";
				PRODUCT_BUNDLE_IDENTIFIER = "online.geex.HW01-ChristianPaulW";
				PRODUCT_NAME = "$(TARGET_NAME)";
				TARGETED_DEVICE_FAMILY = "1,2";
			};
			name = Debug;
		};
		3ACC0F1B1FB8BD47002FDFA6 /* Release */ = {
			isa = XCBuildConfiguration;
			buildSettings = {
				ASSETCATALOG_COMPILER_APPICON_NAME = AppIcon;
				CODE_SIGN_STYLE = Automatic;
				DEVELOPMENT_TEAM = AV46K6824E;
				INFOPLIST_FILE = "HW01-ChristianPaulW/Info.plist";
				LD_RUNPATH_SEARCH_PATHS = "$(inherited) @executable_path/Frameworks";
				PRODUCT_BUNDLE_IDENTIFIER = "online.geex.HW01-ChristianPaulW";
				PRODUCT_NAME = "$(TARGET_NAME)";
				TARGETED_DEVICE_FAMILY = "1,2";
			};
			name = Release;
		};
/* End XCBuildConfiguration section */

/* Begin XCConfigurationList section */
		3ACC0EFE1FB8BD47002FDFA6 /* Build configuration list for PBXProject "HW01-ChristianPaulW" */ = {
			isa = XCConfigurationList;
			buildConfigurations = (
				3ACC0F171FB8BD47002FDFA6 /* Debug */,
				3ACC0F181FB8BD47002FDFA6 /* Release */,
			);
			defaultConfigurationIsVisible = 0;
			defaultConfigurationName = Release;
		};
		3ACC0F191FB8BD47002FDFA6 /* Build configuration list for PBXNativeTarget "HW01-ChristianPaulW" */ = {
			isa = XCConfigurationList;
			buildConfigurations = (
				3ACC0F1A1FB8BD47002FDFA6 /* Debug */,
				3ACC0F1B1FB8BD47002FDFA6 /* Release */,
			);
			defaultConfigurationIsVisible = 0;
			defaultConfigurationName = Release;
		};
/* End XCConfigurationList section */
	};
	rootObject = 3ACC0EFB1FB8BD47002FDFA6 /* Project object */;
}
